
Microsoft Visual Studio Solution File, Format Version 12.00
# Visual Studio Version 17
VisualStudioVersion = 17.0.31903.59
MinimumVisualStudioVersion = 10.0.40219.1
Project("{FAE04EC0-301F-11D3-BF4B-00C04F79EFBC}") = "Executable", "Executable\Executable.csproj", "{1E8C901A-5D2D-41E4-AEF8-EFDB7777CC61}"
EndProject
Project("{FAE04EC0-301F-11D3-BF4B-00C04F79EFBC}") = "Models", "Models\Models.csproj", "{4674C4A0-3DAD-46C0-B5C2-F2909E324BD9}"
EndProject
Global
	GlobalSection(SolutionConfigurationPlatforms) = preSolution
		Debug|Any CPU = Debug|Any CPU
		Debug|x64 = Debug|x64
		Debug|x86 = Debug|x86
		Release|Any CPU = Release|Any CPU
		Release|x64 = Release|x64
		Release|x86 = Release|x86
	EndGlobalSection
	GlobalSection(ProjectConfigurationPlatforms) = postSolution
		{1E8C901A-5D2D-41E4-AEF8-EFDB7777CC61}.Debug|Any CPU.ActiveCfg = Debug|Any CPU
		{1E8C901A-5D2D-41E4-AEF8-EFDB7777CC61}.Debug|Any CPU.Build.0 = Debug|Any CPU
		{1E8C901A-5D2D-41E4-AEF8-EFDB7777CC61}.Debug|x64.ActiveCfg = Debug|Any CPU
		{1E8C901A-5D2D-41E4-AEF8-EFDB7777CC61}.Debug|x64.Build.0 = Debug|Any CPU
		{1E8C901A-5D2D-41E4-AEF8-EFDB7777CC61}.Debug|x86.ActiveCfg = Debug|Any CPU
		{1E8C901A-5D2D-41E4-AEF8-EFDB7777CC61}.Debug|x86.Build.0 = Debug|Any CPU
		{1E8C901A-5D2D-41E4-AEF8-EFDB7777CC61}.Release|Any CPU.ActiveCfg = Release|Any CPU
		{1E8C901A-5D2D-41E4-AEF8-EFDB7777CC61}.Release|Any CPU.Build.0 = Release|Any CPU
		{1E8C901A-5D2D-41E4-AEF8-EFDB7777CC61}.Release|x64.ActiveCfg = Release|Any CPU
		{1E8C901A-5D2D-41E4-AEF8-EFDB7777CC61}.Release|x64.Build.0 = Release|Any CPU
		{1E8C901A-5D2D-41E4-AEF8-EFDB7777CC61}.Release|x86.ActiveCfg = Release|Any CPU
		{1E8C901A-5D2D-41E4-AEF8-EFDB7777CC61}.Release|x86.Build.0 = Release|Any CPU
		{4674C4A0-3DAD-46C0-B5C2-F2909E324BD9}.Debug|Any CPU.ActiveCfg = Debug|Any CPU
		{4674C4A0-3DAD-46C0-B5C2-F2909E324BD9}.Debug|Any CPU.Build.0 = Debug|Any CPU
		{4674C4A0-3DAD-46C0-B5C2-F2909E324BD9}.Debug|x64.ActiveCfg = Debug|Any CPU
		{4674C4A0-3DAD-46C0-B5C2-F2909E324BD9}.Debug|x64.Build.0 = Debug|Any CPU
		{4674C4A0-3DAD-46C0-B5C2-F2909E324BD9}.Debug|x86.ActiveCfg = Debug|Any CPU
		{4674C4A0-3DAD-46C0-B5C2-F2909E324BD9}.Debug|x86.Build.0 = Debug|Any CPU
		{4674C4A0-3DAD-46C0-B5C2-F2909E324BD9}.Release|Any CPU.ActiveCfg = Release|Any CPU
		{4674C4A0-3DAD-46C0-B5C2-F2909E324BD9}.Release|Any CPU.Build.0 = Release|Any CPU
		{4674C4A0-3DAD-46C0-B5C2-F2909E324BD9}.Release|x64.ActiveCfg = Release|Any CPU
		{4674C4A0-3DAD-46C0-B5C2-F2909E324BD9}.Release|x64.Build.0 = Release|Any CPU
		{4674C4A0-3DAD-46C0-B5C2-F2909E324BD9}.Release|x86.ActiveCfg = Release|Any CPU
		{4674C4A0-3DAD-46C0-B5C2-F2909E324BD9}.Release|x86.Build.0 = Release|Any CPU
	EndGlobalSection
	GlobalSection(SolutionProperties) = preSolution
		HideSolutionNode = FALSE
	EndGlobalSection
EndGlobal
