Microsoft Visual Studio Solution File, Format Version 12.00
# Visual Studio Version 17
VisualStudioVersion = 17.5.2.0
MinimumVisualStudioVersion = 10.0.40219.1
Project("{2150E333-8FDC-42A3-9474-1A3956D46DE8}") = "2026 02 11", "2026 02 11", "{810C1A5B-E0BE-F533-201C-A3B0A1E80D4E}"
EndProject
Project("{FAE04EC0-301F-11D3-BF4B-00C04F79EFBC}") = "EcommerceAPI", "2026 02 11\EcommerceAPI\EcommerceAPI.csproj", "{E99FC8BD-19A2-3899-9A50-CA943664EF98}"
EndProject
Global
	GlobalSection(SolutionConfigurationPlatforms) = preSolution
		Debug|Any CPU = Debug|Any CPU
		Release|Any CPU = Release|Any CPU
	EndGlobalSection
	GlobalSection(ProjectConfigurationPlatforms) = postSolution
		{E99FC8BD-19A2-3899-9A50-CA943664EF98}.Debug|Any CPU.ActiveCfg = Debug|Any CPU
		{E99FC8BD-19A2-3899-9A50-CA943664EF98}.Debug|Any CPU.Build.0 = Debug|Any CPU
		{E99FC8BD-19A2-3899-9A50-CA943664EF98}.Release|Any CPU.ActiveCfg = Release|Any CPU
		{E99FC8BD-19A2-3899-9A50-CA943664EF98}.Release|Any CPU.Build.0 = Release|Any CPU
	EndGlobalSection
	GlobalSection(SolutionProperties) = preSolution
		HideSolutionNode = FALSE
	EndGlobalSection
	GlobalSection(NestedProjects) = preSolution
		{E99FC8BD-19A2-3899-9A50-CA943664EF98} = {810C1A5B-E0BE-F533-201C-A3B0A1E80D4E}
	EndGlobalSection
	GlobalSection(ExtensibilityGlobals) = postSolution
		SolutionGuid = {5C913CB1-3239-45A5-BE18-452E585C0376}
	EndGlobalSection
EndGlobal
