
Microsoft Visual Studio Solution File, Format Version 12.00
# Visual Studio Version 17
VisualStudioVersion = 17.0.31903.59
MinimumVisualStudioVersion = 10.0.40219.1
Project("{FAE04EC0-301F-11D3-BF4B-00C04F79EFBC}") = "DataAccessLayer", "DataAccessLayer\DataAccessLayer.csproj", "{BCC3F766-E357-4A5F-8577-66E7EB48A38A}"
EndProject
Project("{FAE04EC0-301F-11D3-BF4B-00C04F79EFBC}") = "Entities", "Entities\Entities.csproj", "{2993B284-4F31-4615-A082-BBA7835BA288}"
EndProject
Project("{FAE04EC0-301F-11D3-BF4B-00C04F79EFBC}") = "WebAPI", "WebAPI\WebAPI.csproj", "{B970589F-FEC9-46F4-8A41-10BD7AD47E8A}"
EndProject
Global
	GlobalSection(SolutionConfigurationPlatforms) = preSolution
		Debug|Any CPU = Debug|Any CPU
		Debug|x64 = Debug|x64
		Debug|x86 = Debug|x86
		Release|Any CPU = Release|Any CPU
		Release|x64 = Release|x64
		Release|x86 = Release|x86
	EndGlobalSection
	GlobalSection(ProjectConfigurationPlatforms) = postSolution
		{BCC3F766-E357-4A5F-8577-66E7EB48A38A}.Debug|Any CPU.ActiveCfg = Debug|Any CPU
		{BCC3F766-E357-4A5F-8577-66E7EB48A38A}.Debug|Any CPU.Build.0 = Debug|Any CPU
		{BCC3F766-E357-4A5F-8577-66E7EB48A38A}.Debug|x64.ActiveCfg = Debug|Any CPU
		{BCC3F766-E357-4A5F-8577-66E7EB48A38A}.Debug|x64.Build.0 = Debug|Any CPU
		{BCC3F766-E357-4A5F-8577-66E7EB48A38A}.Debug|x86.ActiveCfg = Debug|Any CPU
		{BCC3F766-E357-4A5F-8577-66E7EB48A38A}.Debug|x86.Build.0 = Debug|Any CPU
		{BCC3F766-E357-4A5F-8577-66E7EB48A38A}.Release|Any CPU.ActiveCfg = Release|Any CPU
		{BCC3F766-E357-4A5F-8577-66E7EB48A38A}.Release|Any CPU.Build.0 = Release|Any CPU
		{BCC3F766-E357-4A5F-8577-66E7EB48A38A}.Release|x64.ActiveCfg = Release|Any CPU
		{BCC3F766-E357-4A5F-8577-66E7EB48A38A}.Release|x64.Build.0 = Release|Any CPU
		{BCC3F766-E357-4A5F-8577-66E7EB48A38A}.Release|x86.ActiveCfg = Release|Any CPU
		{BCC3F766-E357-4A5F-8577-66E7EB48A38A}.Release|x86.Build.0 = Release|Any CPU
		{2993B284-4F31-4615-A082-BBA7835BA288}.Debug|Any CPU.ActiveCfg = Debug|Any CPU
		{2993B284-4F31-4615-A082-BBA7835BA288}.Debug|Any CPU.Build.0 = Debug|Any CPU
		{2993B284-4F31-4615-A082-BBA7835BA288}.Debug|x64.ActiveCfg = Debug|Any CPU
		{2993B284-4F31-4615-A082-BBA7835BA288}.Debug|x64.Build.0 = Debug|Any CPU
		{2993B284-4F31-4615-A082-BBA7835BA288}.Debug|x86.ActiveCfg = Debug|Any CPU
		{2993B284-4F31-4615-A082-BBA7835BA288}.Debug|x86.Build.0 = Debug|Any CPU
		{2993B284-4F31-4615-A082-BBA7835BA288}.Release|Any CPU.ActiveCfg = Release|Any CPU
		{2993B284-4F31-4615-A082-BBA7835BA288}.Release|Any CPU.Build.0 = Release|Any CPU
		{2993B284-4F31-4615-A082-BBA7835BA288}.Release|x64.ActiveCfg = Release|Any CPU
		{2993B284-4F31-4615-A082-BBA7835BA288}.Release|x64.Build.0 = Release|Any CPU
		{2993B284-4F31-4615-A082-BBA7835BA288}.Release|x86.ActiveCfg = Release|Any CPU
		{2993B284-4F31-4615-A082-BBA7835BA288}.Release|x86.Build.0 = Release|Any CPU
		{B970589F-FEC9-46F4-8A41-10BD7AD47E8A}.Debug|Any CPU.ActiveCfg = Debug|Any CPU
		{B970589F-FEC9-46F4-8A41-10BD7AD47E8A}.Debug|Any CPU.Build.0 = Debug|Any CPU
		{B970589F-FEC9-46F4-8A41-10BD7AD47E8A}.Debug|x64.ActiveCfg = Debug|Any CPU
		{B970589F-FEC9-46F4-8A41-10BD7AD47E8A}.Debug|x64.Build.0 = Debug|Any CPU
		{B970589F-FEC9-46F4-8A41-10BD7AD47E8A}.Debug|x86.ActiveCfg = Debug|Any CPU
		{B970589F-FEC9-46F4-8A41-10BD7AD47E8A}.Debug|x86.Build.0 = Debug|Any CPU
		{B970589F-FEC9-46F4-8A41-10BD7AD47E8A}.Release|Any CPU.ActiveCfg = Release|Any CPU
		{B970589F-FEC9-46F4-8A41-10BD7AD47E8A}.Release|Any CPU.Build.0 = Release|Any CPU
		{B970589F-FEC9-46F4-8A41-10BD7AD47E8A}.Release|x64.ActiveCfg = Release|Any CPU
		{B970589F-FEC9-46F4-8A41-10BD7AD47E8A}.Release|x64.Build.0 = Release|Any CPU
		{B970589F-FEC9-46F4-8A41-10BD7AD47E8A}.Release|x86.ActiveCfg = Release|Any CPU
		{B970589F-FEC9-46F4-8A41-10BD7AD47E8A}.Release|x86.Build.0 = Release|Any CPU
	EndGlobalSection
	GlobalSection(SolutionProperties) = preSolution
		HideSolutionNode = FALSE
	EndGlobalSection
EndGlobal
